
Microsoft Visual Studio Solution File, Format Version 12.00
# Visual Studio Version 17
VisualStudioVersion = 17.9.34728.123
MinimumVisualStudioVersion = 10.0.40219.1
Project("{FAE04EC0-301F-11D3-BF4B-00C04F79EFBC}") = "Algoritm", "Algoritm\Algoritm.csproj", "{B9150B4B-0DEF-4081-A01F-D8F31F15321F}"
EndProject
Global
	GlobalSection(SolutionConfigurationPlatforms) = preSolution
		Debug|Any CPU = Debug|Any CPU
		Release|Any CPU = Release|Any CPU
	EndGlobalSection
	GlobalSection(ProjectConfigurationPlatforms) = postSolution
		{B9150B4B-0DEF-4081-A01F-D8F31F15321F}.Debug|Any CPU.ActiveCfg = Debug|Any CPU
		{B9150B4B-0DEF-4081-A01F-D8F31F15321F}.Debug|Any CPU.Build.0 = Debug|Any CPU
		{B9150B4B-0DEF-4081-A01F-D8F31F15321F}.Release|Any CPU.ActiveCfg = Release|Any CPU
		{B9150B4B-0DEF-4081-A01F-D8F31F15321F}.Release|Any CPU.Build.0 = Release|Any CPU
	EndGlobalSection
	GlobalSection(SolutionProperties) = preSolution
		HideSolutionNode = FALSE
	EndGlobalSection
	GlobalSection(ExtensibilityGlobals) = postSolution
		SolutionGuid = {3A48A419-DF89-4615-B973-050A86F5795C}
	EndGlobalSection
EndGlobal
